
Microsoft Visual Studio Solution File, Format Version 12.00
# Visual Studio Version 17
VisualStudioVersion = 17.6.33723.286
MinimumVisualStudioVersion = 10.0.40219.1
Project("{FAE04EC0-301F-11D3-BF4B-00C04F79EFBC}") = "SistemaPlanillas", "SistemaPlanillas\SistemaPlanillas.csproj", "{5071B4D4-ADA2-4988-9E85-BD34C31512A9}"
EndProject
Global
	GlobalSection(SolutionConfigurationPlatforms) = preSolution
		Debug|Any CPU = Debug|Any CPU
		Release|Any CPU = Release|Any CPU
	EndGlobalSection
	GlobalSection(ProjectConfigurationPlatforms) = postSolution
		{5071B4D4-ADA2-4988-9E85-BD34C31512A9}.Debug|Any CPU.ActiveCfg = Debug|Any CPU
		{5071B4D4-ADA2-4988-9E85-BD34C31512A9}.Debug|Any CPU.Build.0 = Debug|Any CPU
		{5071B4D4-ADA2-4988-9E85-BD34C31512A9}.Release|Any CPU.ActiveCfg = Release|Any CPU
		{5071B4D4-ADA2-4988-9E85-BD34C31512A9}.Release|Any CPU.Build.0 = Release|Any CPU
	EndGlobalSection
	GlobalSection(SolutionProperties) = preSolution
		HideSolutionNode = FALSE
	EndGlobalSection
	GlobalSection(ExtensibilityGlobals) = postSolution
		SolutionGuid = {41BE430D-4751-4085-9ED4-965F624B8357}
	EndGlobalSection
EndGlobal
